// !$*UTF8*$!
{
	archiveVersion = 1;
	classes = {
	};
	objectVersion = 56;
	objects = {

/* Begin PBXBuildFile section */
		316B935A2AD2A43C00D5EB89 /* HabitListFeature.swift in Sources */ = {isa = PBXBuildFile; fileRef = 316B93592AD2A43C00D5EB89 /* HabitListFeature.swift */; };
		316B935B2AD2A43C00D5EB89 /* HabitListFeature.swift in Sources */ = {isa = PBXBuildFile; fileRef = 316B93592AD2A43C00D5EB89 /* HabitListFeature.swift */; };
		316B935D2AD2B15F00D5EB89 /* HabitListView.swift in Sources */ = {isa = PBXBuildFile; fileRef = 316B935C2AD2B15F00D5EB89 /* HabitListView.swift */; };
		316B935E2AD2B15F00D5EB89 /* HabitListView.swift in Sources */ = {isa = PBXBuildFile; fileRef = 316B935C2AD2B15F00D5EB89 /* HabitListView.swift */; };
		316B93612AD2B35400D5EB89 /* AddHabitFeature.swift in Sources */ = {isa = PBXBuildFile; fileRef = 316B93602AD2B35400D5EB89 /* AddHabitFeature.swift */; };
		316B93622AD2B35400D5EB89 /* AddHabitFeature.swift in Sources */ = {isa = PBXBuildFile; fileRef = 316B93602AD2B35400D5EB89 /* AddHabitFeature.swift */; };
		316B93642AD2B3DC00D5EB89 /* AddHabitForm.swift in Sources */ = {isa = PBXBuildFile; fileRef = 316B93632AD2B3DC00D5EB89 /* AddHabitForm.swift */; };
		316B93652AD2B3DC00D5EB89 /* AddHabitForm.swift in Sources */ = {isa = PBXBuildFile; fileRef = 316B93632AD2B3DC00D5EB89 /* AddHabitForm.swift */; };
		316B93682AD33B9500D5EB89 /* DefaultTextField.swift in Sources */ = {isa = PBXBuildFile; fileRef = 316B93672AD33B9500D5EB89 /* DefaultTextField.swift */; };
		316B93692AD33B9500D5EB89 /* DefaultTextField.swift in Sources */ = {isa = PBXBuildFile; fileRef = 316B93672AD33B9500D5EB89 /* DefaultTextField.swift */; };
		31F7241B2AD0830000FB50D4 /* habicolor_2_0App.swift in Sources */ = {isa = PBXBuildFile; fileRef = 31F7241A2AD0830000FB50D4 /* habicolor_2_0App.swift */; };
		31F7241F2AD0830100FB50D4 /* Assets.xcassets in Resources */ = {isa = PBXBuildFile; fileRef = 31F7241E2AD0830100FB50D4 /* Assets.xcassets */; };
		31F724222AD0830100FB50D4 /* Preview Assets.xcassets in Resources */ = {isa = PBXBuildFile; fileRef = 31F724212AD0830100FB50D4 /* Preview Assets.xcassets */; };
		31F724462AD0834D00FB50D4 /* ComposableArchitecture in Frameworks */ = {isa = PBXBuildFile; productRef = 31F724452AD0834D00FB50D4 /* ComposableArchitecture */; };
		31F724492AD0835900FB50D4 /* Billboard in Frameworks */ = {isa = PBXBuildFile; productRef = 31F724482AD0835900FB50D4 /* Billboard */; };
		31F7244C2AD0837800FB50D4 /* AppFeature.swift in Sources */ = {isa = PBXBuildFile; fileRef = 31F7244B2AD0837800FB50D4 /* AppFeature.swift */; };
		31F7244D2AD0837800FB50D4 /* AppFeature.swift in Sources */ = {isa = PBXBuildFile; fileRef = 31F7244B2AD0837800FB50D4 /* AppFeature.swift */; };
		31F7244E2AD0837800FB50D4 /* AppFeature.swift in Sources */ = {isa = PBXBuildFile; fileRef = 31F7244B2AD0837800FB50D4 /* AppFeature.swift */; };
		31F724502AD0838500FB50D4 /* AppFeatureView.swift in Sources */ = {isa = PBXBuildFile; fileRef = 31F7244F2AD0838500FB50D4 /* AppFeatureView.swift */; };
		31F724512AD0838500FB50D4 /* AppFeatureView.swift in Sources */ = {isa = PBXBuildFile; fileRef = 31F7244F2AD0838500FB50D4 /* AppFeatureView.swift */; };
		31F724522AD0838500FB50D4 /* AppFeatureView.swift in Sources */ = {isa = PBXBuildFile; fileRef = 31F7244F2AD0838500FB50D4 /* AppFeatureView.swift */; };
		31F724562AD0846C00FB50D4 /* Habit.swift in Sources */ = {isa = PBXBuildFile; fileRef = 31F724552AD0846C00FB50D4 /* Habit.swift */; };
		31F724572AD0846C00FB50D4 /* Habit.swift in Sources */ = {isa = PBXBuildFile; fileRef = 31F724552AD0846C00FB50D4 /* Habit.swift */; };
		31F724582AD0846C00FB50D4 /* Habit.swift in Sources */ = {isa = PBXBuildFile; fileRef = 31F724552AD0846C00FB50D4 /* Habit.swift */; };
		31F7245A2AD086C100FB50D4 /* HabitFeature.swift in Sources */ = {isa = PBXBuildFile; fileRef = 31F724592AD086C100FB50D4 /* HabitFeature.swift */; };
		31F7245B2AD086C100FB50D4 /* HabitFeature.swift in Sources */ = {isa = PBXBuildFile; fileRef = 31F724592AD086C100FB50D4 /* HabitFeature.swift */; };
		31F7245C2AD086C100FB50D4 /* HabitFeature.swift in Sources */ = {isa = PBXBuildFile; fileRef = 31F724592AD086C100FB50D4 /* HabitFeature.swift */; };
		31F7245F2AD086D700FB50D4 /* HabitView.swift in Sources */ = {isa = PBXBuildFile; fileRef = 31F7245E2AD086D700FB50D4 /* HabitView.swift */; };
		31F724602AD086D700FB50D4 /* HabitView.swift in Sources */ = {isa = PBXBuildFile; fileRef = 31F7245E2AD086D700FB50D4 /* HabitView.swift */; };
		31F724612AD086D700FB50D4 /* HabitView.swift in Sources */ = {isa = PBXBuildFile; fileRef = 31F7245E2AD086D700FB50D4 /* HabitView.swift */; };
/* End PBXBuildFile section */

/* Begin PBXContainerItemProxy section */
		31F724282AD0830100FB50D4 /* PBXContainerItemProxy */ = {
			isa = PBXContainerItemProxy;
			containerPortal = 31F7240F2AD0830000FB50D4 /* Project object */;
			proxyType = 1;
			remoteGlobalIDString = 31F724162AD0830000FB50D4;
			remoteInfo = "habicolor-2.0";
		};
		31F724322AD0830100FB50D4 /* PBXContainerItemProxy */ = {
			isa = PBXContainerItemProxy;
			containerPortal = 31F7240F2AD0830000FB50D4 /* Project object */;
			proxyType = 1;
			remoteGlobalIDString = 31F724162AD0830000FB50D4;
			remoteInfo = "habicolor-2.0";
		};
/* End PBXContainerItemProxy section */

/* Begin PBXFileReference section */
		316B93592AD2A43C00D5EB89 /* HabitListFeature.swift */ = {isa = PBXFileReference; lastKnownFileType = sourcecode.swift; path = HabitListFeature.swift; sourceTree = "<group>"; };
		316B935C2AD2B15F00D5EB89 /* HabitListView.swift */ = {isa = PBXFileReference; lastKnownFileType = sourcecode.swift; path = HabitListView.swift; sourceTree = "<group>"; };
		316B93602AD2B35400D5EB89 /* AddHabitFeature.swift */ = {isa = PBXFileReference; lastKnownFileType = sourcecode.swift; path = AddHabitFeature.swift; sourceTree = "<group>"; };
		316B93632AD2B3DC00D5EB89 /* AddHabitForm.swift */ = {isa = PBXFileReference; lastKnownFileType = sourcecode.swift; path = AddHabitForm.swift; sourceTree = "<group>"; };
		316B93672AD33B9500D5EB89 /* DefaultTextField.swift */ = {isa = PBXFileReference; lastKnownFileType = sourcecode.swift; path = DefaultTextField.swift; sourceTree = "<group>"; };
		31F724172AD0830000FB50D4 /* habicolor-2.0.app */ = {isa = PBXFileReference; explicitFileType = wrapper.application; includeInIndex = 0; path = "habicolor-2.0.app"; sourceTree = BUILT_PRODUCTS_DIR; };
		31F7241A2AD0830000FB50D4 /* habicolor_2_0App.swift */ = {isa = PBXFileReference; lastKnownFileType = sourcecode.swift; path = habicolor_2_0App.swift; sourceTree = "<group>"; };
		31F7241E2AD0830100FB50D4 /* Assets.xcassets */ = {isa = PBXFileReference; lastKnownFileType = folder.assetcatalog; path = Assets.xcassets; sourceTree = "<group>"; };
		31F724212AD0830100FB50D4 /* Preview Assets.xcassets */ = {isa = PBXFileReference; lastKnownFileType = folder.assetcatalog; path = "Preview Assets.xcassets"; sourceTree = "<group>"; };
		31F724272AD0830100FB50D4 /* habicolor-2.0Tests.xctest */ = {isa = PBXFileReference; explicitFileType = wrapper.cfbundle; includeInIndex = 0; path = "habicolor-2.0Tests.xctest"; sourceTree = BUILT_PRODUCTS_DIR; };
		31F724312AD0830100FB50D4 /* habicolor-2.0UITests.xctest */ = {isa = PBXFileReference; explicitFileType = wrapper.cfbundle; includeInIndex = 0; path = "habicolor-2.0UITests.xctest"; sourceTree = BUILT_PRODUCTS_DIR; };
		31F7244B2AD0837800FB50D4 /* AppFeature.swift */ = {isa = PBXFileReference; lastKnownFileType = sourcecode.swift; path = AppFeature.swift; sourceTree = "<group>"; };
		31F7244F2AD0838500FB50D4 /* AppFeatureView.swift */ = {isa = PBXFileReference; lastKnownFileType = sourcecode.swift; path = AppFeatureView.swift; sourceTree = "<group>"; };
		31F724552AD0846C00FB50D4 /* Habit.swift */ = {isa = PBXFileReference; lastKnownFileType = sourcecode.swift; path = Habit.swift; sourceTree = "<group>"; };
		31F724592AD086C100FB50D4 /* HabitFeature.swift */ = {isa = PBXFileReference; lastKnownFileType = sourcecode.swift; path = HabitFeature.swift; sourceTree = "<group>"; };
		31F7245E2AD086D700FB50D4 /* HabitView.swift */ = {isa = PBXFileReference; lastKnownFileType = sourcecode.swift; path = HabitView.swift; sourceTree = "<group>"; };
/* End PBXFileReference section */

/* Begin PBXFrameworksBuildPhase section */
		31F724142AD0830000FB50D4 /* Frameworks */ = {
			isa = PBXFrameworksBuildPhase;
			buildActionMask = 2147483647;
			files = (
				31F724492AD0835900FB50D4 /* Billboard in Frameworks */,
				31F724462AD0834D00FB50D4 /* ComposableArchitecture in Frameworks */,
			);
			runOnlyForDeploymentPostprocessing = 0;
		};
		31F724242AD0830100FB50D4 /* Frameworks */ = {
			isa = PBXFrameworksBuildPhase;
			buildActionMask = 2147483647;
			files = (
			);
			runOnlyForDeploymentPostprocessing = 0;
		};
		31F7242E2AD0830100FB50D4 /* Frameworks */ = {
			isa = PBXFrameworksBuildPhase;
			buildActionMask = 2147483647;
			files = (
			);
			runOnlyForDeploymentPostprocessing = 0;
		};
/* End PBXFrameworksBuildPhase section */

/* Begin PBXGroup section */
		316B93582AD2A3FD00D5EB89 /* HabitList */ = {
			isa = PBXGroup;
			children = (
				316B93592AD2A43C00D5EB89 /* HabitListFeature.swift */,
				316B935C2AD2B15F00D5EB89 /* HabitListView.swift */,
			);
			path = HabitList;
			sourceTree = "<group>";
		};
		316B935F2AD2B34400D5EB89 /* AddHabit */ = {
			isa = PBXGroup;
			children = (
				316B93602AD2B35400D5EB89 /* AddHabitFeature.swift */,
				316B93632AD2B3DC00D5EB89 /* AddHabitForm.swift */,
			);
			path = AddHabit;
			sourceTree = "<group>";
		};
		316B93662AD33B8800D5EB89 /* View */ = {
			isa = PBXGroup;
			children = (
				316B93672AD33B9500D5EB89 /* DefaultTextField.swift */,
			);
			path = View;
			sourceTree = "<group>";
		};
		31F7240E2AD0830000FB50D4 = {
			isa = PBXGroup;
			children = (
				31F724192AD0830000FB50D4 /* habicolor-2.0 */,
				31F724182AD0830000FB50D4 /* Products */,
			);
			sourceTree = "<group>";
		};
		31F724182AD0830000FB50D4 /* Products */ = {
			isa = PBXGroup;
			children = (
				31F724172AD0830000FB50D4 /* habicolor-2.0.app */,
				31F724272AD0830100FB50D4 /* habicolor-2.0Tests.xctest */,
				31F724312AD0830100FB50D4 /* habicolor-2.0UITests.xctest */,
			);
			name = Products;
			sourceTree = "<group>";
		};
		31F724192AD0830000FB50D4 /* habicolor-2.0 */ = {
			isa = PBXGroup;
			children = (
				316B93662AD33B8800D5EB89 /* View */,
				31F724542AD0846300FB50D4 /* Model */,
				31F7244A2AD0836A00FB50D4 /* Feature */,
				31F7241A2AD0830000FB50D4 /* habicolor_2_0App.swift */,
				31F7241E2AD0830100FB50D4 /* Assets.xcassets */,
				31F724202AD0830100FB50D4 /* Preview Content */,
			);
			path = "habicolor-2.0";
			sourceTree = "<group>";
		};
		31F724202AD0830100FB50D4 /* Preview Content */ = {
			isa = PBXGroup;
			children = (
				31F724212AD0830100FB50D4 /* Preview Assets.xcassets */,
			);
			path = "Preview Content";
			sourceTree = "<group>";
		};
		31F7244A2AD0836A00FB50D4 /* Feature */ = {
			isa = PBXGroup;
			children = (
				316B935F2AD2B34400D5EB89 /* AddHabit */,
				31F7245D2AD086C500FB50D4 /* Habit */,
				316B93582AD2A3FD00D5EB89 /* HabitList */,
				31F724532AD083E600FB50D4 /* App */,
			);
			path = Feature;
			sourceTree = "<group>";
		};
		31F724532AD083E600FB50D4 /* App */ = {
			isa = PBXGroup;
			children = (
				31F7244F2AD0838500FB50D4 /* AppFeatureView.swift */,
				31F7244B2AD0837800FB50D4 /* AppFeature.swift */,
			);
			path = App;
			sourceTree = "<group>";
		};
		31F724542AD0846300FB50D4 /* Model */ = {
			isa = PBXGroup;
			children = (
				31F724552AD0846C00FB50D4 /* Habit.swift */,
			);
			path = Model;
			sourceTree = "<group>";
		};
		31F7245D2AD086C500FB50D4 /* Habit */ = {
			isa = PBXGroup;
			children = (
				31F724592AD086C100FB50D4 /* HabitFeature.swift */,
				31F7245E2AD086D700FB50D4 /* HabitView.swift */,
			);
			path = Habit;
			sourceTree = "<group>";
		};
/* End PBXGroup section */

/* Begin PBXNativeTarget section */
		31F724162AD0830000FB50D4 /* habicolor-2.0 */ = {
			isa = PBXNativeTarget;
			buildConfigurationList = 31F7243B2AD0830100FB50D4 /* Build configuration list for PBXNativeTarget "habicolor-2.0" */;
			buildPhases = (
				31F724132AD0830000FB50D4 /* Sources */,
				31F724142AD0830000FB50D4 /* Frameworks */,
				31F724152AD0830000FB50D4 /* Resources */,
			);
			buildRules = (
			);
			dependencies = (
			);
			name = "habicolor-2.0";
			packageProductDependencies = (
				31F724452AD0834D00FB50D4 /* ComposableArchitecture */,
				31F724482AD0835900FB50D4 /* Billboard */,
			);
			productName = "habicolor-2.0";
			productReference = 31F724172AD0830000FB50D4 /* habicolor-2.0.app */;
			productType = "com.apple.product-type.application";
		};
		31F724262AD0830100FB50D4 /* habicolor-2.0Tests */ = {
			isa = PBXNativeTarget;
			buildConfigurationList = 31F7243E2AD0830100FB50D4 /* Build configuration list for PBXNativeTarget "habicolor-2.0Tests" */;
			buildPhases = (
				31F724232AD0830100FB50D4 /* Sources */,
				31F724242AD0830100FB50D4 /* Frameworks */,
				31F724252AD0830100FB50D4 /* Resources */,
			);
			buildRules = (
			);
			dependencies = (
				31F724292AD0830100FB50D4 /* PBXTargetDependency */,
			);
			name = "habicolor-2.0Tests";
			productName = "habicolor-2.0Tests";
			productReference = 31F724272AD0830100FB50D4 /* habicolor-2.0Tests.xctest */;
			productType = "com.apple.product-type.bundle.unit-test";
		};
		31F724302AD0830100FB50D4 /* habicolor-2.0UITests */ = {
			isa = PBXNativeTarget;
			buildConfigurationList = 31F724412AD0830100FB50D4 /* Build configuration list for PBXNativeTarget "habicolor-2.0UITests" */;
			buildPhases = (
				31F7242D2AD0830100FB50D4 /* Sources */,
				31F7242E2AD0830100FB50D4 /* Frameworks */,
				31F7242F2AD0830100FB50D4 /* Resources */,
			);
			buildRules = (
			);
			dependencies = (
				31F724332AD0830100FB50D4 /* PBXTargetDependency */,
			);
			name = "habicolor-2.0UITests";
			productName = "habicolor-2.0UITests";
			productReference = 31F724312AD0830100FB50D4 /* habicolor-2.0UITests.xctest */;
			productType = "com.apple.product-type.bundle.ui-testing";
		};
/* End PBXNativeTarget section */

/* Begin PBXProject section */
		31F7240F2AD0830000FB50D4 /* Project object */ = {
			isa = PBXProject;
			attributes = {
				BuildIndependentTargetsInParallel = 1;
				LastSwiftUpdateCheck = 1500;
				LastUpgradeCheck = 1500;
				TargetAttributes = {
					31F724162AD0830000FB50D4 = {
						CreatedOnToolsVersion = 15.0;
					};
					31F724262AD0830100FB50D4 = {
						CreatedOnToolsVersion = 15.0;
						TestTargetID = 31F724162AD0830000FB50D4;
					};
					31F724302AD0830100FB50D4 = {
						CreatedOnToolsVersion = 15.0;
						TestTargetID = 31F724162AD0830000FB50D4;
					};
				};
			};
			buildConfigurationList = 31F724122AD0830000FB50D4 /* Build configuration list for PBXProject "habicolor-2.0" */;
			compatibilityVersion = "Xcode 14.0";
			developmentRegion = en;
			hasScannedForEncodings = 0;
			knownRegions = (
				en,
				Base,
			);
			mainGroup = 31F7240E2AD0830000FB50D4;
			packageReferences = (
				31F724442AD0834D00FB50D4 /* XCRemoteSwiftPackageReference "swift-composable-architecture" */,
				31F724472AD0835900FB50D4 /* XCRemoteSwiftPackageReference "Billboard" */,
			);
			productRefGroup = 31F724182AD0830000FB50D4 /* Products */;
			projectDirPath = "";
			projectRoot = "";
			targets = (
				31F724162AD0830000FB50D4 /* habicolor-2.0 */,
				31F724262AD0830100FB50D4 /* habicolor-2.0Tests */,
				31F724302AD0830100FB50D4 /* habicolor-2.0UITests */,
			);
		};
/* End PBXProject section */

/* Begin PBXResourcesBuildPhase section */
		31F724152AD0830000FB50D4 /* Resources */ = {
			isa = PBXResourcesBuildPhase;
			buildActionMask = 2147483647;
			files = (
				31F724222AD0830100FB50D4 /* Preview Assets.xcassets in Resources */,
				31F7241F2AD0830100FB50D4 /* Assets.xcassets in Resources */,
			);
			runOnlyForDeploymentPostprocessing = 0;
		};
		31F724252AD0830100FB50D4 /* Resources */ = {
			isa = PBXResourcesBuildPhase;
			buildActionMask = 2147483647;
			files = (
			);
			runOnlyForDeploymentPostprocessing = 0;
		};
		31F7242F2AD0830100FB50D4 /* Resources */ = {
			isa = PBXResourcesBuildPhase;
			buildActionMask = 2147483647;
			files = (
			);
			runOnlyForDeploymentPostprocessing = 0;
		};
/* End PBXResourcesBuildPhase section */

/* Begin PBXSourcesBuildPhase section */
		31F724132AD0830000FB50D4 /* Sources */ = {
			isa = PBXSourcesBuildPhase;
			buildActionMask = 2147483647;
			files = (
				31F7244C2AD0837800FB50D4 /* AppFeature.swift in Sources */,
				316B935D2AD2B15F00D5EB89 /* HabitListView.swift in Sources */,
				31F7245A2AD086C100FB50D4 /* HabitFeature.swift in Sources */,
				316B935A2AD2A43C00D5EB89 /* HabitListFeature.swift in Sources */,
				316B93682AD33B9500D5EB89 /* DefaultTextField.swift in Sources */,
				31F7241B2AD0830000FB50D4 /* habicolor_2_0App.swift in Sources */,
				31F7245F2AD086D700FB50D4 /* HabitView.swift in Sources */,
				316B93642AD2B3DC00D5EB89 /* AddHabitForm.swift in Sources */,
				31F724562AD0846C00FB50D4 /* Habit.swift in Sources */,
				31F724502AD0838500FB50D4 /* AppFeatureView.swift in Sources */,
				316B93612AD2B35400D5EB89 /* AddHabitFeature.swift in Sources */,
			);
			runOnlyForDeploymentPostprocessing = 0;
		};
		31F724232AD0830100FB50D4 /* Sources */ = {
			isa = PBXSourcesBuildPhase;
			buildActionMask = 2147483647;
			files = (
				316B935E2AD2B15F00D5EB89 /* HabitListView.swift in Sources */,
				316B93652AD2B3DC00D5EB89 /* AddHabitForm.swift in Sources */,
				31F7244D2AD0837800FB50D4 /* AppFeature.swift in Sources */,
				316B93692AD33B9500D5EB89 /* DefaultTextField.swift in Sources */,
				316B935B2AD2A43C00D5EB89 /* HabitListFeature.swift in Sources */,
				31F7245B2AD086C100FB50D4 /* HabitFeature.swift in Sources */,
				31F724602AD086D700FB50D4 /* HabitView.swift in Sources */,
				316B93622AD2B35400D5EB89 /* AddHabitFeature.swift in Sources */,
				31F724572AD0846C00FB50D4 /* Habit.swift in Sources */,
				31F724512AD0838500FB50D4 /* AppFeatureView.swift in Sources */,
			);
			runOnlyForDeploymentPostprocessing = 0;
		};
		31F7242D2AD0830100FB50D4 /* Sources */ = {
			isa = PBXSourcesBuildPhase;
			buildActionMask = 2147483647;
			files = (
				31F7244E2AD0837800FB50D4 /* AppFeature.swift in Sources */,
				31F724582AD0846C00FB50D4 /* Habit.swift in Sources */,
				31F7245C2AD086C100FB50D4 /* HabitFeature.swift in Sources */,
				31F724612AD086D700FB50D4 /* HabitView.swift in Sources */,
				31F724522AD0838500FB50D4 /* AppFeatureView.swift in Sources */,
			);
			runOnlyForDeploymentPostprocessing = 0;
		};
/* End PBXSourcesBuildPhase section */

/* Begin PBXTargetDependency section */
		31F724292AD0830100FB50D4 /* PBXTargetDependency */ = {
			isa = PBXTargetDependency;
			target = 31F724162AD0830000FB50D4 /* habicolor-2.0 */;
			targetProxy = 31F724282AD0830100FB50D4 /* PBXContainerItemProxy */;
		};
		31F724332AD0830100FB50D4 /* PBXTargetDependency */ = {
			isa = PBXTargetDependency;
			target = 31F724162AD0830000FB50D4 /* habicolor-2.0 */;
			targetProxy = 31F724322AD0830100FB50D4 /* PBXContainerItemProxy */;
		};
/* End PBXTargetDependency section */

/* Begin XCBuildConfiguration section */
		31F724392AD0830100FB50D4 /* Debug */ = {
			isa = XCBuildConfiguration;
			buildSettings = {
				ALWAYS_SEARCH_USER_PATHS = NO;
				ASSETCATALOG_COMPILER_GENERATE_SWIFT_ASSET_SYMBOL_EXTENSIONS = YES;
				CLANG_ANALYZER_NONNULL = YES;
				CLANG_ANALYZER_NUMBER_OBJECT_CONVERSION = YES_AGGRESSIVE;
				CLANG_CXX_LANGUAGE_STANDARD = "gnu++20";
				CLANG_ENABLE_MODULES = YES;
				CLANG_ENABLE_OBJC_ARC = YES;
				CLANG_ENABLE_OBJC_WEAK = YES;
				CLANG_WARN_BLOCK_CAPTURE_AUTORELEASING = YES;
				CLANG_WARN_BOOL_CONVERSION = YES;
				CLANG_WARN_COMMA = YES;
				CLANG_WARN_CONSTANT_CONVERSION = YES;
				CLANG_WARN_DEPRECATED_OBJC_IMPLEMENTATIONS = YES;
				CLANG_WARN_DIRECT_OBJC_ISA_USAGE = YES_ERROR;
				CLANG_WARN_DOCUMENTATION_COMMENTS = YES;
				CLANG_WARN_EMPTY_BODY = YES;
				CLANG_WARN_ENUM_CONVERSION = YES;
				CLANG_WARN_INFINITE_RECURSION = YES;
				CLANG_WARN_INT_CONVERSION = YES;
				CLANG_WARN_NON_LITERAL_NULL_CONVERSION = YES;
				CLANG_WARN_OBJC_IMPLICIT_RETAIN_SELF = YES;
				CLANG_WARN_OBJC_LITERAL_CONVERSION = YES;
				CLANG_WARN_OBJC_ROOT_CLASS = YES_ERROR;
				CLANG_WARN_QUOTED_INCLUDE_IN_FRAMEWORK_HEADER = YES;
				CLANG_WARN_RANGE_LOOP_ANALYSIS = YES;
				CLANG_WARN_STRICT_PROTOTYPES = YES;
				CLANG_WARN_SUSPICIOUS_MOVE = YES;
				CLANG_WARN_UNGUARDED_AVAILABILITY = YES_AGGRESSIVE;
				CLANG_WARN_UNREACHABLE_CODE = YES;
				CLANG_WARN__DUPLICATE_METHOD_MATCH = YES;
				COPY_PHASE_STRIP = NO;
				DEBUG_INFORMATION_FORMAT = dwarf;
				ENABLE_STRICT_OBJC_MSGSEND = YES;
				ENABLE_TESTABILITY = YES;
				ENABLE_USER_SCRIPT_SANDBOXING = YES;
				GCC_C_LANGUAGE_STANDARD = gnu17;
				GCC_DYNAMIC_NO_PIC = NO;
				GCC_NO_COMMON_BLOCKS = YES;
				GCC_OPTIMIZATION_LEVEL = 0;
				GCC_PREPROCESSOR_DEFINITIONS = (
					"DEBUG=1",
					"$(inherited)",
				);
				GCC_WARN_64_TO_32_BIT_CONVERSION = YES;
				GCC_WARN_ABOUT_RETURN_TYPE = YES_ERROR;
				GCC_WARN_UNDECLARED_SELECTOR = YES;
				GCC_WARN_UNINITIALIZED_AUTOS = YES_AGGRESSIVE;
				GCC_WARN_UNUSED_FUNCTION = YES;
				GCC_WARN_UNUSED_VARIABLE = YES;
				IPHONEOS_DEPLOYMENT_TARGET = 17.0;
				LOCALIZATION_PREFERS_STRING_CATALOGS = YES;
				MTL_ENABLE_DEBUG_INFO = INCLUDE_SOURCE;
				MTL_FAST_MATH = YES;
				ONLY_ACTIVE_ARCH = YES;
				SDKROOT = iphoneos;
				SWIFT_ACTIVE_COMPILATION_CONDITIONS = "DEBUG $(inherited)";
				SWIFT_OPTIMIZATION_LEVEL = "-Onone";
			};
			name = Debug;
		};
		31F7243A2AD0830100FB50D4 /* Release */ = {
			isa = XCBuildConfiguration;
			buildSettings = {
				ALWAYS_SEARCH_USER_PATHS = NO;
				ASSETCATALOG_COMPILER_GENERATE_SWIFT_ASSET_SYMBOL_EXTENSIONS = YES;
				CLANG_ANALYZER_NONNULL = YES;
				CLANG_ANALYZER_NUMBER_OBJECT_CONVERSION = YES_AGGRESSIVE;
				CLANG_CXX_LANGUAGE_STANDARD = "gnu++20";
				CLANG_ENABLE_MODULES = YES;
				CLANG_ENABLE_OBJC_ARC = YES;
				CLANG_ENABLE_OBJC_WEAK = YES;
				CLANG_WARN_BLOCK_CAPTURE_AUTORELEASING = YES;
				CLANG_WARN_BOOL_CONVERSION = YES;
				CLANG_WARN_COMMA = YES;
				CLANG_WARN_CONSTANT_CONVERSION = YES;
				CLANG_WARN_DEPRECATED_OBJC_IMPLEMENTATIONS = YES;
				CLANG_WARN_DIRECT_OBJC_ISA_USAGE = YES_ERROR;
				CLANG_WARN_DOCUMENTATION_COMMENTS = YES;
				CLANG_WARN_EMPTY_BODY = YES;
				CLANG_WARN_ENUM_CONVERSION = YES;
				CLANG_WARN_INFINITE_RECURSION = YES;
				CLANG_WARN_INT_CONVERSION = YES;
				CLANG_WARN_NON_LITERAL_NULL_CONVERSION = YES;
				CLANG_WARN_OBJC_IMPLICIT_RETAIN_SELF = YES;
				CLANG_WARN_OBJC_LITERAL_CONVERSION = YES;
				CLANG_WARN_OBJC_ROOT_CLASS = YES_ERROR;
				CLANG_WARN_QUOTED_INCLUDE_IN_FRAMEWORK_HEADER = YES;
				CLANG_WARN_RANGE_LOOP_ANALYSIS = YES;
				CLANG_WARN_STRICT_PROTOTYPES = YES;
				CLANG_WARN_SUSPICIOUS_MOVE = YES;
				CLANG_WARN_UNGUARDED_AVAILABILITY = YES_AGGRESSIVE;
				CLANG_WARN_UNREACHABLE_CODE = YES;
				CLANG_WARN__DUPLICATE_METHOD_MATCH = YES;
				COPY_PHASE_STRIP = NO;
				DEBUG_INFORMATION_FORMAT = "dwarf-with-dsym";
				ENABLE_NS_ASSERTIONS = NO;
				ENABLE_STRICT_OBJC_MSGSEND = YES;
				ENABLE_USER_SCRIPT_SANDBOXING = YES;
				GCC_C_LANGUAGE_STANDARD = gnu17;
				GCC_NO_COMMON_BLOCKS = YES;
				GCC_WARN_64_TO_32_BIT_CONVERSION = YES;
				GCC_WARN_ABOUT_RETURN_TYPE = YES_ERROR;
				GCC_WARN_UNDECLARED_SELECTOR = YES;
				GCC_WARN_UNINITIALIZED_AUTOS = YES_AGGRESSIVE;
				GCC_WARN_UNUSED_FUNCTION = YES;
				GCC_WARN_UNUSED_VARIABLE = YES;
				IPHONEOS_DEPLOYMENT_TARGET = 17.0;
				LOCALIZATION_PREFERS_STRING_CATALOGS = YES;
				MTL_ENABLE_DEBUG_INFO = NO;
				MTL_FAST_MATH = YES;
				SDKROOT = iphoneos;
				SWIFT_COMPILATION_MODE = wholemodule;
				VALIDATE_PRODUCT = YES;
			};
			name = Release;
		};
		31F7243C2AD0830100FB50D4 /* Debug */ = {
			isa = XCBuildConfiguration;
			buildSettings = {
				ASSETCATALOG_COMPILER_APPICON_NAME = AppIcon;
				ASSETCATALOG_COMPILER_GLOBAL_ACCENT_COLOR_NAME = AccentColor;
				CODE_SIGN_STYLE = Automatic;
				CURRENT_PROJECT_VERSION = 1;
				DEVELOPMENT_ASSET_PATHS = "\"habicolor-2.0/Preview Content\"";
				DEVELOPMENT_TEAM = K4BTMSB564;
				ENABLE_PREVIEWS = YES;
				GENERATE_INFOPLIST_FILE = YES;
				INFOPLIST_KEY_UIApplicationSceneManifest_Generation = YES;
				INFOPLIST_KEY_UIApplicationSupportsIndirectInputEvents = YES;
				INFOPLIST_KEY_UILaunchScreen_Generation = YES;
				INFOPLIST_KEY_UISupportedInterfaceOrientations_iPad = "UIInterfaceOrientationPortrait UIInterfaceOrientationPortraitUpsideDown UIInterfaceOrientationLandscapeLeft UIInterfaceOrientationLandscapeRight";
				INFOPLIST_KEY_UISupportedInterfaceOrientations_iPhone = "UIInterfaceOrientationPortrait UIInterfaceOrientationLandscapeLeft UIInterfaceOrientationLandscapeRight";
				LD_RUNPATH_SEARCH_PATHS = (
					"$(inherited)",
					"@executable_path/Frameworks",
				);
				MARKETING_VERSION = 1.0;
				PRODUCT_BUNDLE_IDENTIFIER = "jarretdevs.habicolor-2-0";
				PRODUCT_NAME = "$(TARGET_NAME)";
				SWIFT_EMIT_LOC_STRINGS = YES;
				SWIFT_VERSION = 5.0;
				TARGETED_DEVICE_FAMILY = "1,2";
			};
			name = Debug;
		};
		31F7243D2AD0830100FB50D4 /* Release */ = {
			isa = XCBuildConfiguration;
			buildSettings = {
				ASSETCATALOG_COMPILER_APPICON_NAME = AppIcon;
				ASSETCATALOG_COMPILER_GLOBAL_ACCENT_COLOR_NAME = AccentColor;
				CODE_SIGN_STYLE = Automatic;
				CURRENT_PROJECT_VERSION = 1;
				DEVELOPMENT_ASSET_PATHS = "\"habicolor-2.0/Preview Content\"";
				DEVELOPMENT_TEAM = K4BTMSB564;
				ENABLE_PREVIEWS = YES;
				GENERATE_INFOPLIST_FILE = YES;
				INFOPLIST_KEY_UIApplicationSceneManifest_Generation = YES;
				INFOPLIST_KEY_UIApplicationSupportsIndirectInputEvents = YES;
				INFOPLIST_KEY_UILaunchScreen_Generation = YES;
				INFOPLIST_KEY_UISupportedInterfaceOrientations_iPad = "UIInterfaceOrientationPortrait UIInterfaceOrientationPortraitUpsideDown UIInterfaceOrientationLandscapeLeft UIInterfaceOrientationLandscapeRight";
				INFOPLIST_KEY_UISupportedInterfaceOrientations_iPhone = "UIInterfaceOrientationPortrait UIInterfaceOrientationLandscapeLeft UIInterfaceOrientationLandscapeRight";
				LD_RUNPATH_SEARCH_PATHS = (
					"$(inherited)",
					"@executable_path/Frameworks",
				);
				MARKETING_VERSION = 1.0;
				PRODUCT_BUNDLE_IDENTIFIER = "jarretdevs.habicolor-2-0";
				PRODUCT_NAME = "$(TARGET_NAME)";
				SWIFT_EMIT_LOC_STRINGS = YES;
				SWIFT_VERSION = 5.0;
				TARGETED_DEVICE_FAMILY = "1,2";
			};
			name = Release;
		};
		31F7243F2AD0830100FB50D4 /* Debug */ = {
			isa = XCBuildConfiguration;
			buildSettings = {
				ALWAYS_EMBED_SWIFT_STANDARD_LIBRARIES = YES;
				BUNDLE_LOADER = "$(TEST_HOST)";
				CODE_SIGN_STYLE = Automatic;
				CURRENT_PROJECT_VERSION = 1;
				DEVELOPMENT_TEAM = K4BTMSB564;
				GENERATE_INFOPLIST_FILE = YES;
				IPHONEOS_DEPLOYMENT_TARGET = 17.0;
				MARKETING_VERSION = 1.0;
				PRODUCT_BUNDLE_IDENTIFIER = "jarretdevs.habicolor-2-0Tests";
				PRODUCT_NAME = "$(TARGET_NAME)";
				SWIFT_EMIT_LOC_STRINGS = NO;
				SWIFT_VERSION = 5.0;
				TARGETED_DEVICE_FAMILY = "1,2";
				TEST_HOST = "$(BUILT_PRODUCTS_DIR)/habicolor-2.0.app/$(BUNDLE_EXECUTABLE_FOLDER_PATH)/habicolor-2.0";
			};
			name = Debug;
		};
		31F724402AD0830100FB50D4 /* Release */ = {
			isa = XCBuildConfiguration;
			buildSettings = {
				ALWAYS_EMBED_SWIFT_STANDARD_LIBRARIES = YES;
				BUNDLE_LOADER = "$(TEST_HOST)";
				CODE_SIGN_STYLE = Automatic;
				CURRENT_PROJECT_VERSION = 1;
				DEVELOPMENT_TEAM = K4BTMSB564;
				GENERATE_INFOPLIST_FILE = YES;
				IPHONEOS_DEPLOYMENT_TARGET = 17.0;
				MARKETING_VERSION = 1.0;
				PRODUCT_BUNDLE_IDENTIFIER = "jarretdevs.habicolor-2-0Tests";
				PRODUCT_NAME = "$(TARGET_NAME)";
				SWIFT_EMIT_LOC_STRINGS = NO;
				SWIFT_VERSION = 5.0;
				TARGETED_DEVICE_FAMILY = "1,2";
				TEST_HOST = "$(BUILT_PRODUCTS_DIR)/habicolor-2.0.app/$(BUNDLE_EXECUTABLE_FOLDER_PATH)/habicolor-2.0";
			};
			name = Release;
		};
		31F724422AD0830100FB50D4 /* Debug */ = {
			isa = XCBuildConfiguration;
			buildSettings = {
				ALWAYS_EMBED_SWIFT_STANDARD_LIBRARIES = YES;
				CODE_SIGN_STYLE = Automatic;
				CURRENT_PROJECT_VERSION = 1;
				DEVELOPMENT_TEAM = K4BTMSB564;
				GENERATE_INFOPLIST_FILE = YES;
				MARKETING_VERSION = 1.0;
				PRODUCT_BUNDLE_IDENTIFIER = "jarretdevs.habicolor-2-0UITests";
				PRODUCT_NAME = "$(TARGET_NAME)";
				SWIFT_EMIT_LOC_STRINGS = NO;
				SWIFT_VERSION = 5.0;
				TARGETED_DEVICE_FAMILY = "1,2";
				TEST_TARGET_NAME = "habicolor-2.0";
			};
			name = Debug;
		};
		31F724432AD0830100FB50D4 /* Release */ = {
			isa = XCBuildConfiguration;
			buildSettings = {
				ALWAYS_EMBED_SWIFT_STANDARD_LIBRARIES = YES;
				CODE_SIGN_STYLE = Automatic;
				CURRENT_PROJECT_VERSION = 1;
				DEVELOPMENT_TEAM = K4BTMSB564;
				GENERATE_INFOPLIST_FILE = YES;
				MARKETING_VERSION = 1.0;
				PRODUCT_BUNDLE_IDENTIFIER = "jarretdevs.habicolor-2-0UITests";
				PRODUCT_NAME = "$(TARGET_NAME)";
				SWIFT_EMIT_LOC_STRINGS = NO;
				SWIFT_VERSION = 5.0;
				TARGETED_DEVICE_FAMILY = "1,2";
				TEST_TARGET_NAME = "habicolor-2.0";
			};
			name = Release;
		};
/* End XCBuildConfiguration section */

/* Begin XCConfigurationList section */
		31F724122AD0830000FB50D4 /* Build configuration list for PBXProject "habicolor-2.0" */ = {
			isa = XCConfigurationList;
			buildConfigurations = (
				31F724392AD0830100FB50D4 /* Debug */,
				31F7243A2AD0830100FB50D4 /* Release */,
			);
			defaultConfigurationIsVisible = 0;
			defaultConfigurationName = Release;
		};
		31F7243B2AD0830100FB50D4 /* Build configuration list for PBXNativeTarget "habicolor-2.0" */ = {
			isa = XCConfigurationList;
			buildConfigurations = (
				31F7243C2AD0830100FB50D4 /* Debug */,
				31F7243D2AD0830100FB50D4 /* Release */,
			);
			defaultConfigurationIsVisible = 0;
			defaultConfigurationName = Release;
		};
		31F7243E2AD0830100FB50D4 /* Build configuration list for PBXNativeTarget "habicolor-2.0Tests" */ = {
			isa = XCConfigurationList;
			buildConfigurations = (
				31F7243F2AD0830100FB50D4 /* Debug */,
				31F724402AD0830100FB50D4 /* Release */,
			);
			defaultConfigurationIsVisible = 0;
			defaultConfigurationName = Release;
		};
		31F724412AD0830100FB50D4 /* Build configuration list for PBXNativeTarget "habicolor-2.0UITests" */ = {
			isa = XCConfigurationList;
			buildConfigurations = (
				31F724422AD0830100FB50D4 /* Debug */,
				31F724432AD0830100FB50D4 /* Release */,
			);
			defaultConfigurationIsVisible = 0;
			defaultConfigurationName = Release;
		};
/* End XCConfigurationList section */

/* Begin XCRemoteSwiftPackageReference section */
		31F724442AD0834D00FB50D4 /* XCRemoteSwiftPackageReference "swift-composable-architecture" */ = {
			isa = XCRemoteSwiftPackageReference;
			repositoryURL = "https://github.com/pointfreeco/swift-composable-architecture";
			requirement = {
				kind = upToNextMajorVersion;
				minimumVersion = 1.2.0;
			};
		};
		31F724472AD0835900FB50D4 /* XCRemoteSwiftPackageReference "Billboard" */ = {
			isa = XCRemoteSwiftPackageReference;
			repositoryURL = "https://github.com/hiddevdploeg/Billboard";
			requirement = {
				kind = upToNextMajorVersion;
				minimumVersion = 1.0.1;
			};
		};
/* End XCRemoteSwiftPackageReference section */

/* Begin XCSwiftPackageProductDependency section */
		31F724452AD0834D00FB50D4 /* ComposableArchitecture */ = {
			isa = XCSwiftPackageProductDependency;
			package = 31F724442AD0834D00FB50D4 /* XCRemoteSwiftPackageReference "swift-composable-architecture" */;
			productName = ComposableArchitecture;
		};
		31F724482AD0835900FB50D4 /* Billboard */ = {
			isa = XCSwiftPackageProductDependency;
			package = 31F724472AD0835900FB50D4 /* XCRemoteSwiftPackageReference "Billboard" */;
			productName = Billboard;
		};
/* End XCSwiftPackageProductDependency section */
	};
	rootObject = 31F7240F2AD0830000FB50D4 /* Project object */;
}
